
Microsoft Visual Studio Solution File, Format Version 12.00
# Visual Studio Version 17
VisualStudioVersion = 17.11.35219.272
MinimumVisualStudioVersion = 10.0.40219.1
Project("{888888A0-9F3D-457C-B088-3A5042F75D52}") = "Student_grades Management_System", "Student_grades Management_System\Student_grades Management_System.pyproj", "{D07DD8DA-5427-4A4B-A4BA-B6B24B57D4AB}"
EndProject
Global
	GlobalSection(SolutionConfigurationPlatforms) = preSolution
		Debug|Any CPU = Debug|Any CPU
		Release|Any CPU = Release|Any CPU
	EndGlobalSection
	GlobalSection(ProjectConfigurationPlatforms) = postSolution
		{D07DD8DA-5427-4A4B-A4BA-B6B24B57D4AB}.Debug|Any CPU.ActiveCfg = Debug|Any CPU
		{D07DD8DA-5427-4A4B-A4BA-B6B24B57D4AB}.Release|Any CPU.ActiveCfg = Release|Any CPU
	EndGlobalSection
	GlobalSection(SolutionProperties) = preSolution
		HideSolutionNode = FALSE
	EndGlobalSection
	GlobalSection(ExtensibilityGlobals) = postSolution
		SolutionGuid = {5BEB991E-3E52-4783-8C00-D5AD08405D8A}
	EndGlobalSection
EndGlobal
